
Microsoft Visual Studio Solution File, Format Version 12.00
# Visual Studio Version 17
VisualStudioVersion = 17.0.31903.59
MinimumVisualStudioVersion = 10.0.40219.1
Project("{FAE04EC0-301F-11D3-BF4B-00C04F79EFBC}") = "InventoryClient", "src\InventoryClient\InventoryClient.csproj", "{A1B2C3D4-E5F6-7890-1234-567890ABCDEF}"
EndProject
Project("{FAE04EC0-301F-11D3-BF4B-00C04F79EFBC}") = "TaskSystems.Shared", "src\TaskSystems.Shared\TaskSystems.Shared.csproj", "{98D1504E-8485-926F-DFD6-6D5BD5D8BDAD}"
EndProject
Project("{FAE04EC0-301F-11D3-BF4B-00C04F79EFBC}") = "InventoryClient.Tests", "tests\InventoryClient.Tests\InventoryClient.Tests.csproj", "{DF3926D2-F16B-4005-4071-06E21A983459}"
EndProject
Project("{2150E333-8FDC-42A3-9474-1A3956D46DE8}") = "tests", "tests", "{0AB3BF05-4346-4AA6-1389-037BE0695223}"
EndProject
Project("{FAE04EC0-301F-11D3-BF4B-00C04F79EFBC}") = "InventoryClient.IntegrationTests", "tests\InventoryClient.IntegrationTests\InventoryClient.IntegrationTests.csproj", "{58D3B33D-1233-4DF1-8E8D-A82FFED618BE}"
EndProject
Global
	GlobalSection(SolutionConfigurationPlatforms) = preSolution
		Debug|Any CPU = Debug|Any CPU
		Debug|x64 = Debug|x64
		Debug|x86 = Debug|x86
		Release|Any CPU = Release|Any CPU
		Release|x64 = Release|x64
		Release|x86 = Release|x86
	EndGlobalSection
	GlobalSection(ProjectConfigurationPlatforms) = postSolution
		{A1B2C3D4-E5F6-7890-1234-567890ABCDEF}.Debug|Any CPU.ActiveCfg = Debug|Any CPU
		{A1B2C3D4-E5F6-7890-1234-567890ABCDEF}.Debug|Any CPU.Build.0 = Debug|Any CPU
		{A1B2C3D4-E5F6-7890-1234-567890ABCDEF}.Debug|x64.ActiveCfg = Debug|Any CPU
		{A1B2C3D4-E5F6-7890-1234-567890ABCDEF}.Debug|x64.Build.0 = Debug|Any CPU
		{A1B2C3D4-E5F6-7890-1234-567890ABCDEF}.Debug|x86.ActiveCfg = Debug|Any CPU
		{A1B2C3D4-E5F6-7890-1234-567890ABCDEF}.Debug|x86.Build.0 = Debug|Any CPU
		{A1B2C3D4-E5F6-7890-1234-567890ABCDEF}.Release|Any CPU.ActiveCfg = Release|Any CPU
		{A1B2C3D4-E5F6-7890-1234-567890ABCDEF}.Release|Any CPU.Build.0 = Release|Any CPU
		{A1B2C3D4-E5F6-7890-1234-567890ABCDEF}.Release|x64.ActiveCfg = Release|Any CPU
		{A1B2C3D4-E5F6-7890-1234-567890ABCDEF}.Release|x64.Build.0 = Release|Any CPU
		{A1B2C3D4-E5F6-7890-1234-567890ABCDEF}.Release|x86.ActiveCfg = Release|Any CPU
		{A1B2C3D4-E5F6-7890-1234-567890ABCDEF}.Release|x86.Build.0 = Release|Any CPU
		{98D1504E-8485-926F-DFD6-6D5BD5D8BDAD}.Debug|x64.ActiveCfg = Debug|Any CPU
		{98D1504E-8485-926F-DFD6-6D5BD5D8BDAD}.Debug|x64.Build.0 = Debug|Any CPU
		{98D1504E-8485-926F-DFD6-6D5BD5D8BDAD}.Debug|x86.ActiveCfg = Debug|Any CPU
		{98D1504E-8485-926F-DFD6-6D5BD5D8BDAD}.Debug|x86.Build.0 = Debug|Any CPU
		{98D1504E-8485-926F-DFD6-6D5BD5D8BDAD}.Release|x64.ActiveCfg = Release|Any CPU
		{98D1504E-8485-926F-DFD6-6D5BD5D8BDAD}.Release|x64.Build.0 = Release|Any CPU
		{98D1504E-8485-926F-DFD6-6D5BD5D8BDAD}.Release|x86.ActiveCfg = Release|Any CPU
		{98D1504E-8485-926F-DFD6-6D5BD5D8BDAD}.Release|x86.Build.0 = Release|Any CPU
		{DF3926D2-F16B-4005-4071-06E21A983459}.Debug|x64.ActiveCfg = Debug|Any CPU
		{DF3926D2-F16B-4005-4071-06E21A983459}.Debug|x64.Build.0 = Debug|Any CPU
		{DF3926D2-F16B-4005-4071-06E21A983459}.Debug|x86.ActiveCfg = Debug|Any CPU
		{DF3926D2-F16B-4005-4071-06E21A983459}.Debug|x86.Build.0 = Debug|Any CPU
		{DF3926D2-F16B-4005-4071-06E21A983459}.Release|x64.ActiveCfg = Release|Any CPU
		{DF3926D2-F16B-4005-4071-06E21A983459}.Release|x64.Build.0 = Release|Any CPU
		{DF3926D2-F16B-4005-4071-06E21A983459}.Release|x86.ActiveCfg = Release|Any CPU
		{DF3926D2-F16B-4005-4071-06E21A983459}.Release|x86.Build.0 = Release|Any CPU
		{58D3B33D-1233-4DF1-8E8D-A82FFED618BE}.Debug|Any CPU.ActiveCfg = Debug|Any CPU
		{58D3B33D-1233-4DF1-8E8D-A82FFED618BE}.Debug|Any CPU.Build.0 = Debug|Any CPU
		{58D3B33D-1233-4DF1-8E8D-A82FFED618BE}.Debug|x64.ActiveCfg = Debug|Any CPU
		{58D3B33D-1233-4DF1-8E8D-A82FFED618BE}.Debug|x64.Build.0 = Debug|Any CPU
		{58D3B33D-1233-4DF1-8E8D-A82FFED618BE}.Debug|x86.ActiveCfg = Debug|Any CPU
		{58D3B33D-1233-4DF1-8E8D-A82FFED618BE}.Debug|x86.Build.0 = Debug|Any CPU
		{58D3B33D-1233-4DF1-8E8D-A82FFED618BE}.Release|Any CPU.ActiveCfg = Release|Any CPU
		{58D3B33D-1233-4DF1-8E8D-A82FFED618BE}.Release|Any CPU.Build.0 = Release|Any CPU
		{58D3B33D-1233-4DF1-8E8D-A82FFED618BE}.Release|x64.ActiveCfg = Release|Any CPU
		{58D3B33D-1233-4DF1-8E8D-A82FFED618BE}.Release|x64.Build.0 = Release|Any CPU
		{58D3B33D-1233-4DF1-8E8D-A82FFED618BE}.Release|x86.ActiveCfg = Release|Any CPU
		{58D3B33D-1233-4DF1-8E8D-A82FFED618BE}.Release|x86.Build.0 = Release|Any CPU
	EndGlobalSection
	GlobalSection(SolutionProperties) = preSolution
		HideSolutionNode = FALSE
	EndGlobalSection
	GlobalSection(NestedProjects) = preSolution
		{58D3B33D-1233-4DF1-8E8D-A82FFED618BE} = {0AB3BF05-4346-4AA6-1389-037BE0695223}
	EndGlobalSection
EndGlobal
